
Microsoft Visual Studio Solution File, Format Version 12.00
# Visual Studio Version 16
VisualStudioVersion = 16.0.29411.108
MinimumVisualStudioVersion = 10.0.40219.1
Project("{FAE04EC0-301F-11D3-BF4B-00C04F79EFBC}") = "DesktopContact", "DesktopContact\DesktopContact.csproj", "{559FF818-516F-4725-A730-B3B4E2CA6243}"
EndProject
Global
	GlobalSection(SolutionConfigurationPlatforms) = preSolution
		Debug|Any CPU = Debug|Any CPU
		Release|Any CPU = Release|Any CPU
	EndGlobalSection
	GlobalSection(ProjectConfigurationPlatforms) = postSolution
		{559FF818-516F-4725-A730-B3B4E2CA6243}.Debug|Any CPU.ActiveCfg = Debug|Any CPU
		{559FF818-516F-4725-A730-B3B4E2CA6243}.Debug|Any CPU.Build.0 = Debug|Any CPU
		{559FF818-516F-4725-A730-B3B4E2CA6243}.Release|Any CPU.ActiveCfg = Release|Any CPU
		{559FF818-516F-4725-A730-B3B4E2CA6243}.Release|Any CPU.Build.0 = Release|Any CPU
	EndGlobalSection
	GlobalSection(SolutionProperties) = preSolution
		HideSolutionNode = FALSE
	EndGlobalSection
	GlobalSection(ExtensibilityGlobals) = postSolution
		SolutionGuid = {6034F32E-B6EE-4ECE-A56B-9BA671E961A8}
	EndGlobalSection
EndGlobal
